
Microsoft Visual Studio Solution File, Format Version 12.00
# Visual Studio 2013
VisualStudioVersion = 12.0.40629.0
MinimumVisualStudioVersion = 10.0.40219.1
Project("{FAE04EC0-301F-11D3-BF4B-00C04F79EFBC}") = "THC_ActivityDeploy", "THC_ActivityDeploy\THC_ActivityDeploy.csproj", "{83AD0521-8064-427A-8BEA-65A70B3A0AEB}"
EndProject
Global
	GlobalSection(SolutionConfigurationPlatforms) = preSolution
		Debug|Any CPU = Debug|Any CPU
		Release|Any CPU = Release|Any CPU
	EndGlobalSection
	GlobalSection(ProjectConfigurationPlatforms) = postSolution
		{83AD0521-8064-427A-8BEA-65A70B3A0AEB}.Debug|Any CPU.ActiveCfg = Debug|Any CPU
		{83AD0521-8064-427A-8BEA-65A70B3A0AEB}.Debug|Any CPU.Build.0 = Debug|Any CPU
		{83AD0521-8064-427A-8BEA-65A70B3A0AEB}.Release|Any CPU.ActiveCfg = Release|Any CPU
		{83AD0521-8064-427A-8BEA-65A70B3A0AEB}.Release|Any CPU.Build.0 = Release|Any CPU
	EndGlobalSection
	GlobalSection(SolutionProperties) = preSolution
		HideSolutionNode = FALSE
	EndGlobalSection
EndGlobal
